
Microsoft Visual Studio Solution File, Format Version 12.00
# Visual Studio Version 16
VisualStudioVersion = 16.0.33927.289
MinimumVisualStudioVersion = 10.0.40219.1
Project("{2150E333-8FDC-42A3-9474-1A3956D46DE8}") = "Task0", "Task0", "{F2A2715C-52C0-4C81-9E15-0ADDEF11C333}"
EndProject
Project("{FAE04EC0-301F-11D3-BF4B-00C04F79EFBC}") = "Tyuiu.VdovichenkoAI.Sprint2.Task0.V19", "Tyuiu.VdovichenkoAI.Sprint2.Task0.V19\Tyuiu.VdovichenkoAI.Sprint2.Task0.V19.csproj", "{7DB048C3-83E7-4AF4-A68F-E936370E483C}"
EndProject
Project("{FAE04EC0-301F-11D3-BF4B-00C04F79EFBC}") = "Tyuiu.VdovichenkoAI.Sprint2.Task0.V19.Lib", "Tyuiu.VdovichenkoAI.Sprint2.Task0.V19.Lib\Tyuiu.VdovichenkoAI.Sprint2.Task0.V19.Lib.csproj", "{45C9FB91-A495-42DC-8CAE-A7E4FE242C19}"
EndProject
Project("{FAE04EC0-301F-11D3-BF4B-00C04F79EFBC}") = "Tyuiu.VdovichenkoAI.Sprint2.Task0.V19.Test", "Tyuiu.VdovichenkoAI.Sprint2.Task0.V19.Test\Tyuiu.VdovichenkoAI.Sprint2.Task0.V19.Test.csproj", "{359BD4C1-865E-40B8-BF53-865C0C268EA0}"
EndProject
Project("{2150E333-8FDC-42A3-9474-1A3956D46DE8}") = "Task1", "Task1", "{30C9CC56-AF42-48D3-8182-C2DE561DC642}"
EndProject
Project("{FAE04EC0-301F-11D3-BF4B-00C04F79EFBC}") = "Tyuiu.VdovichenkoAI.Sprint2.Task1.V23", "Tyuiu.VdovichenkoAI.Sprint2.Task1.V23\Tyuiu.VdovichenkoAI.Sprint2.Task1.V23.csproj", "{C71F6694-F814-4C66-B3C6-6741DF32D6C9}"
EndProject
Project("{FAE04EC0-301F-11D3-BF4B-00C04F79EFBC}") = "Tyuiu.VdovichenkoAI.Sprint2.Task1.V23.Lib", "Tyuiu.VdovichenkoAI.Sprint2.Task1.V23.Lib\Tyuiu.VdovichenkoAI.Sprint2.Task1.V23.Lib.csproj", "{6A7F3D9A-F3AC-4337-8CF0-EE3D4C427124}"
EndProject
Project("{FAE04EC0-301F-11D3-BF4B-00C04F79EFBC}") = "Tyuiu.VdovichenkoAI.Sprint2.Task1.V23.Test", "Tyuiu.VdovichenkoAI.Sprint2.Task1.V23.Test\Tyuiu.VdovichenkoAI.Sprint2.Task1.V23.Test.csproj", "{C6D8CBBA-5B32-4970-864B-0FDF19A8EA7C}"
EndProject
Project("{2150E333-8FDC-42A3-9474-1A3956D46DE8}") = "Task2", "Task2", "{EA93EA2D-0201-450F-BDAC-DFBF934FD6CF}"
EndProject
Project("{FAE04EC0-301F-11D3-BF4B-00C04F79EFBC}") = "Tyuiu.VdovichenkoAI.Sprint2.Task2.V15", "Tyuiu.VdovichenkoAI.Sprint2.Task2.V15\Tyuiu.VdovichenkoAI.Sprint2.Task2.V15.csproj", "{73A646F1-BA7D-433E-86C8-B8560C1EA7FC}"
EndProject
Project("{FAE04EC0-301F-11D3-BF4B-00C04F79EFBC}") = "Tyuiu.VdovichenkoAI.Sprint2.Task2.V15.Lib", "Tyuiu.VdovichenkoAI.Sprint2.Task2.V15.Lib\Tyuiu.VdovichenkoAI.Sprint2.Task2.V15.Lib.csproj", "{6A29942D-DB92-44DC-B340-A86D7A72A8DC}"
EndProject
Project("{FAE04EC0-301F-11D3-BF4B-00C04F79EFBC}") = "Tyuiu.VdovichenkoAI.Sprint2.Task2.V15.Test", "Tyuiu.VdovichenkoAI.Sprint2.Task2.V15.Test\Tyuiu.VdovichenkoAI.Sprint2.Task2.V15.Test.csproj", "{F997DC84-FE7D-4530-91F9-3C953D7BF708}"
EndProject
Project("{2150E333-8FDC-42A3-9474-1A3956D46DE8}") = "Task3", "Task3", "{369373E8-45D6-447A-BD8F-24C511CC683F}"
EndProject
Project("{FAE04EC0-301F-11D3-BF4B-00C04F79EFBC}") = "Tyuiu.VdovichenkoAI.Sprint2.Task3.V22", "Tyuiu.VdovichenkoAI.Sprint2.Task3.V22\Tyuiu.VdovichenkoAI.Sprint2.Task3.V22.csproj", "{F669AF45-5306-43D8-84B0-039257925BFF}"
EndProject
Project("{FAE04EC0-301F-11D3-BF4B-00C04F79EFBC}") = "Tyuiu.VdovichenkoAI.Sprint2.Task3.V22.Lib", "Tyuiu.VdovichenkoAI.Sprint2.Task3.V22.Lib\Tyuiu.VdovichenkoAI.Sprint2.Task3.V22.Lib.csproj", "{4368713E-E868-493F-A7F3-397240706C7C}"
EndProject
Project("{FAE04EC0-301F-11D3-BF4B-00C04F79EFBC}") = "Tyuiu.VdovichenkoAI.Sprint2.Task3.V22.Test", "Tyuiu.VdovichenkoAI.Sprint2.Task3.V22.Test\Tyuiu.VdovichenkoAI.Sprint2.Task3.V22.Test.csproj", "{92235709-5751-4909-8213-4462BACCBF82}"
EndProject
Project("{2150E333-8FDC-42A3-9474-1A3956D46DE8}") = "Task4", "Task4", "{CD3D8621-157B-491F-8BB4-8AD855102E56}"
EndProject
Project("{FAE04EC0-301F-11D3-BF4B-00C04F79EFBC}") = "Tyuiu.VdovichenkoAI.Sprint2.Task4.V5", "Tyuiu.VdovichenkoAI.Sprint2.Task4.V5\Tyuiu.VdovichenkoAI.Sprint2.Task4.V5.csproj", "{E6608FC5-F2BA-4B82-AE08-D69C5DD074DE}"
EndProject
Project("{FAE04EC0-301F-11D3-BF4B-00C04F79EFBC}") = "Tyuiu.VdovichenkoAI.Sprint2.Task4.V5.Lib", "Tyuiu.VdovichenkoAI.Sprint2.Task4.V5.Lib\Tyuiu.VdovichenkoAI.Sprint2.Task4.V5.Lib.csproj", "{A83C39F1-668D-406A-8E91-965BC86C9825}"
EndProject
Project("{FAE04EC0-301F-11D3-BF4B-00C04F79EFBC}") = "Tyuiu.VdovichenkoAI.Sprint2.Task4.V5.Test", "Tyuiu.VdovichenkoAI.Sprint2.Task4.V5.Test\Tyuiu.VdovichenkoAI.Sprint2.Task4.V5.Test.csproj", "{A66DFC0E-F79B-4FAB-B364-A435FDDCC665}"
EndProject
Project("{2150E333-8FDC-42A3-9474-1A3956D46DE8}") = "Task5", "Task5", "{FE90CD40-3073-4280-835C-B9D3FD20B36B}"
EndProject
Project("{FAE04EC0-301F-11D3-BF4B-00C04F79EFBC}") = "Tyuiu.VdovichenkoAI.Sprint2.Task5.V12", "Tyuiu.VdovichenkoAI.Sprint2.Task5.V12\Tyuiu.VdovichenkoAI.Sprint2.Task5.V12.csproj", "{99AB1C1F-0496-4716-A108-46C8D411943E}"
EndProject
Project("{FAE04EC0-301F-11D3-BF4B-00C04F79EFBC}") = "Tyuiu.VdovichenkoAI.Sprint2.Task5.V12.Lib", "Tyuiu.VdovichenkoAI.Sprint2.Task5.V12.Lib\Tyuiu.VdovichenkoAI.Sprint2.Task5.V12.Lib.csproj", "{726104FA-6168-4B60-A7D0-8702A2DF06B6}"
EndProject
Project("{FAE04EC0-301F-11D3-BF4B-00C04F79EFBC}") = "Tyuiu.VdovichenkoAI.Sprint2.Task5.V12.Test", "Tyuiu.VdovichenkoAI.Sprint2.Task5.V12.Test\Tyuiu.VdovichenkoAI.Sprint2.Task5.V12.Test.csproj", "{35E44F5C-5B95-4D98-848D-246B9684ABA9}"
EndProject
Global
	GlobalSection(SolutionConfigurationPlatforms) = preSolution
		Debug|Any CPU = Debug|Any CPU
		Release|Any CPU = Release|Any CPU
	EndGlobalSection
	GlobalSection(ProjectConfigurationPlatforms) = postSolution
		{7DB048C3-83E7-4AF4-A68F-E936370E483C}.Debug|Any CPU.ActiveCfg = Debug|Any CPU
		{7DB048C3-83E7-4AF4-A68F-E936370E483C}.Debug|Any CPU.Build.0 = Debug|Any CPU
		{7DB048C3-83E7-4AF4-A68F-E936370E483C}.Release|Any CPU.ActiveCfg = Release|Any CPU
		{7DB048C3-83E7-4AF4-A68F-E936370E483C}.Release|Any CPU.Build.0 = Release|Any CPU
		{45C9FB91-A495-42DC-8CAE-A7E4FE242C19}.Debug|Any CPU.ActiveCfg = Debug|Any CPU
		{45C9FB91-A495-42DC-8CAE-A7E4FE242C19}.Debug|Any CPU.Build.0 = Debug|Any CPU
		{45C9FB91-A495-42DC-8CAE-A7E4FE242C19}.Release|Any CPU.ActiveCfg = Release|Any CPU
		{45C9FB91-A495-42DC-8CAE-A7E4FE242C19}.Release|Any CPU.Build.0 = Release|Any CPU
		{359BD4C1-865E-40B8-BF53-865C0C268EA0}.Debug|Any CPU.ActiveCfg = Debug|Any CPU
		{359BD4C1-865E-40B8-BF53-865C0C268EA0}.Debug|Any CPU.Build.0 = Debug|Any CPU
		{359BD4C1-865E-40B8-BF53-865C0C268EA0}.Release|Any CPU.ActiveCfg = Release|Any CPU
		{359BD4C1-865E-40B8-BF53-865C0C268EA0}.Release|Any CPU.Build.0 = Release|Any CPU
		{C71F6694-F814-4C66-B3C6-6741DF32D6C9}.Debug|Any CPU.ActiveCfg = Debug|Any CPU
		{C71F6694-F814-4C66-B3C6-6741DF32D6C9}.Debug|Any CPU.Build.0 = Debug|Any CPU
		{C71F6694-F814-4C66-B3C6-6741DF32D6C9}.Release|Any CPU.ActiveCfg = Release|Any CPU
		{C71F6694-F814-4C66-B3C6-6741DF32D6C9}.Release|Any CPU.Build.0 = Release|Any CPU
		{6A7F3D9A-F3AC-4337-8CF0-EE3D4C427124}.Debug|Any CPU.ActiveCfg = Debug|Any CPU
		{6A7F3D9A-F3AC-4337-8CF0-EE3D4C427124}.Debug|Any CPU.Build.0 = Debug|Any CPU
		{6A7F3D9A-F3AC-4337-8CF0-EE3D4C427124}.Release|Any CPU.ActiveCfg = Release|Any CPU
		{6A7F3D9A-F3AC-4337-8CF0-EE3D4C427124}.Release|Any CPU.Build.0 = Release|Any CPU
		{C6D8CBBA-5B32-4970-864B-0FDF19A8EA7C}.Debug|Any CPU.ActiveCfg = Debug|Any CPU
		{C6D8CBBA-5B32-4970-864B-0FDF19A8EA7C}.Debug|Any CPU.Build.0 = Debug|Any CPU
		{C6D8CBBA-5B32-4970-864B-0FDF19A8EA7C}.Release|Any CPU.ActiveCfg = Release|Any CPU
		{C6D8CBBA-5B32-4970-864B-0FDF19A8EA7C}.Release|Any CPU.Build.0 = Release|Any CPU
		{73A646F1-BA7D-433E-86C8-B8560C1EA7FC}.Debug|Any CPU.ActiveCfg = Debug|Any CPU
		{73A646F1-BA7D-433E-86C8-B8560C1EA7FC}.Debug|Any CPU.Build.0 = Debug|Any CPU
		{73A646F1-BA7D-433E-86C8-B8560C1EA7FC}.Release|Any CPU.ActiveCfg = Release|Any CPU
		{73A646F1-BA7D-433E-86C8-B8560C1EA7FC}.Release|Any CPU.Build.0 = Release|Any CPU
		{6A29942D-DB92-44DC-B340-A86D7A72A8DC}.Debug|Any CPU.ActiveCfg = Debug|Any CPU
		{6A29942D-DB92-44DC-B340-A86D7A72A8DC}.Debug|Any CPU.Build.0 = Debug|Any CPU
		{6A29942D-DB92-44DC-B340-A86D7A72A8DC}.Release|Any CPU.ActiveCfg = Release|Any CPU
		{6A29942D-DB92-44DC-B340-A86D7A72A8DC}.Release|Any CPU.Build.0 = Release|Any CPU
		{F997DC84-FE7D-4530-91F9-3C953D7BF708}.Debug|Any CPU.ActiveCfg = Debug|Any CPU
		{F997DC84-FE7D-4530-91F9-3C953D7BF708}.Debug|Any CPU.Build.0 = Debug|Any CPU
		{F997DC84-FE7D-4530-91F9-3C953D7BF708}.Release|Any CPU.ActiveCfg = Release|Any CPU
		{F997DC84-FE7D-4530-91F9-3C953D7BF708}.Release|Any CPU.Build.0 = Release|Any CPU
		{F669AF45-5306-43D8-84B0-039257925BFF}.Debug|Any CPU.ActiveCfg = Debug|Any CPU
		{F669AF45-5306-43D8-84B0-039257925BFF}.Debug|Any CPU.Build.0 = Debug|Any CPU
		{F669AF45-5306-43D8-84B0-039257925BFF}.Release|Any CPU.ActiveCfg = Release|Any CPU
		{F669AF45-5306-43D8-84B0-039257925BFF}.Release|Any CPU.Build.0 = Release|Any CPU
		{4368713E-E868-493F-A7F3-397240706C7C}.Debug|Any CPU.ActiveCfg = Debug|Any CPU
		{4368713E-E868-493F-A7F3-397240706C7C}.Debug|Any CPU.Build.0 = Debug|Any CPU
		{4368713E-E868-493F-A7F3-397240706C7C}.Release|Any CPU.ActiveCfg = Release|Any CPU
		{4368713E-E868-493F-A7F3-397240706C7C}.Release|Any CPU.Build.0 = Release|Any CPU
		{92235709-5751-4909-8213-4462BACCBF82}.Debug|Any CPU.ActiveCfg = Debug|Any CPU
		{92235709-5751-4909-8213-4462BACCBF82}.Debug|Any CPU.Build.0 = Debug|Any CPU
		{92235709-5751-4909-8213-4462BACCBF82}.Release|Any CPU.ActiveCfg = Release|Any CPU
		{92235709-5751-4909-8213-4462BACCBF82}.Release|Any CPU.Build.0 = Release|Any CPU
		{E6608FC5-F2BA-4B82-AE08-D69C5DD074DE}.Debug|Any CPU.ActiveCfg = Debug|Any CPU
		{E6608FC5-F2BA-4B82-AE08-D69C5DD074DE}.Debug|Any CPU.Build.0 = Debug|Any CPU
		{E6608FC5-F2BA-4B82-AE08-D69C5DD074DE}.Release|Any CPU.ActiveCfg = Release|Any CPU
		{E6608FC5-F2BA-4B82-AE08-D69C5DD074DE}.Release|Any CPU.Build.0 = Release|Any CPU
		{A83C39F1-668D-406A-8E91-965BC86C9825}.Debug|Any CPU.ActiveCfg = Debug|Any CPU
		{A83C39F1-668D-406A-8E91-965BC86C9825}.Debug|Any CPU.Build.0 = Debug|Any CPU
		{A83C39F1-668D-406A-8E91-965BC86C9825}.Release|Any CPU.ActiveCfg = Release|Any CPU
		{A83C39F1-668D-406A-8E91-965BC86C9825}.Release|Any CPU.Build.0 = Release|Any CPU
		{A66DFC0E-F79B-4FAB-B364-A435FDDCC665}.Debug|Any CPU.ActiveCfg = Debug|Any CPU
		{A66DFC0E-F79B-4FAB-B364-A435FDDCC665}.Debug|Any CPU.Build.0 = Debug|Any CPU
		{A66DFC0E-F79B-4FAB-B364-A435FDDCC665}.Release|Any CPU.ActiveCfg = Release|Any CPU
		{A66DFC0E-F79B-4FAB-B364-A435FDDCC665}.Release|Any CPU.Build.0 = Release|Any CPU
		{99AB1C1F-0496-4716-A108-46C8D411943E}.Debug|Any CPU.ActiveCfg = Debug|Any CPU
		{99AB1C1F-0496-4716-A108-46C8D411943E}.Debug|Any CPU.Build.0 = Debug|Any CPU
		{99AB1C1F-0496-4716-A108-46C8D411943E}.Release|Any CPU.ActiveCfg = Release|Any CPU
		{99AB1C1F-0496-4716-A108-46C8D411943E}.Release|Any CPU.Build.0 = Release|Any CPU
		{726104FA-6168-4B60-A7D0-8702A2DF06B6}.Debug|Any CPU.ActiveCfg = Debug|Any CPU
		{726104FA-6168-4B60-A7D0-8702A2DF06B6}.Debug|Any CPU.Build.0 = Debug|Any CPU
		{726104FA-6168-4B60-A7D0-8702A2DF06B6}.Release|Any CPU.ActiveCfg = Release|Any CPU
		{726104FA-6168-4B60-A7D0-8702A2DF06B6}.Release|Any CPU.Build.0 = Release|Any CPU
		{35E44F5C-5B95-4D98-848D-246B9684ABA9}.Debug|Any CPU.ActiveCfg = Debug|Any CPU
		{35E44F5C-5B95-4D98-848D-246B9684ABA9}.Debug|Any CPU.Build.0 = Debug|Any CPU
		{35E44F5C-5B95-4D98-848D-246B9684ABA9}.Release|Any CPU.ActiveCfg = Release|Any CPU
		{35E44F5C-5B95-4D98-848D-246B9684ABA9}.Release|Any CPU.Build.0 = Release|Any CPU
	EndGlobalSection
	GlobalSection(SolutionProperties) = preSolution
		HideSolutionNode = FALSE
	EndGlobalSection
	GlobalSection(NestedProjects) = preSolution
		{7DB048C3-83E7-4AF4-A68F-E936370E483C} = {F2A2715C-52C0-4C81-9E15-0ADDEF11C333}
		{45C9FB91-A495-42DC-8CAE-A7E4FE242C19} = {F2A2715C-52C0-4C81-9E15-0ADDEF11C333}
		{359BD4C1-865E-40B8-BF53-865C0C268EA0} = {F2A2715C-52C0-4C81-9E15-0ADDEF11C333}
		{C71F6694-F814-4C66-B3C6-6741DF32D6C9} = {30C9CC56-AF42-48D3-8182-C2DE561DC642}
		{6A7F3D9A-F3AC-4337-8CF0-EE3D4C427124} = {30C9CC56-AF42-48D3-8182-C2DE561DC642}
		{C6D8CBBA-5B32-4970-864B-0FDF19A8EA7C} = {30C9CC56-AF42-48D3-8182-C2DE561DC642}
		{73A646F1-BA7D-433E-86C8-B8560C1EA7FC} = {EA93EA2D-0201-450F-BDAC-DFBF934FD6CF}
		{6A29942D-DB92-44DC-B340-A86D7A72A8DC} = {EA93EA2D-0201-450F-BDAC-DFBF934FD6CF}
		{F997DC84-FE7D-4530-91F9-3C953D7BF708} = {EA93EA2D-0201-450F-BDAC-DFBF934FD6CF}
		{F669AF45-5306-43D8-84B0-039257925BFF} = {369373E8-45D6-447A-BD8F-24C511CC683F}
		{4368713E-E868-493F-A7F3-397240706C7C} = {369373E8-45D6-447A-BD8F-24C511CC683F}
		{92235709-5751-4909-8213-4462BACCBF82} = {369373E8-45D6-447A-BD8F-24C511CC683F}
		{E6608FC5-F2BA-4B82-AE08-D69C5DD074DE} = {CD3D8621-157B-491F-8BB4-8AD855102E56}
		{A83C39F1-668D-406A-8E91-965BC86C9825} = {CD3D8621-157B-491F-8BB4-8AD855102E56}
		{A66DFC0E-F79B-4FAB-B364-A435FDDCC665} = {CD3D8621-157B-491F-8BB4-8AD855102E56}
		{99AB1C1F-0496-4716-A108-46C8D411943E} = {FE90CD40-3073-4280-835C-B9D3FD20B36B}
		{726104FA-6168-4B60-A7D0-8702A2DF06B6} = {FE90CD40-3073-4280-835C-B9D3FD20B36B}
		{35E44F5C-5B95-4D98-848D-246B9684ABA9} = {FE90CD40-3073-4280-835C-B9D3FD20B36B}
	EndGlobalSection
	GlobalSection(ExtensibilityGlobals) = postSolution
		SolutionGuid = {430B3861-C0B4-46D6-BBB4-7CBF58F7BAAE}
	EndGlobalSection
EndGlobal
